{
  "name": "scoped-install",
  "version": "1.2.3",
  "lockfileVersion": 1,
  "requires": true,
  "dependencies": {
    "@scoped/package": {
      "version": "0.2.3",
      "resolved": "http://127.0.0.1:15986/@scoped%2fpackage/-/@scoped%2fpackage-0.2.3.tgz",
      "integrity": "sha512-6+VI3Clu1PtOiDuNXJtK8ePbTB2tRvZbN6ISeTEcdJMH0qQxGnhpLJeciiwheGTFv42t7NhCrwylD3p/7E9iAw=="
    }
  }
}
